
Microsoft Visual Studio Solution File, Format Version 12.00
# Visual Studio Version 16
VisualStudioVersion = 16.0.30717.126
MinimumVisualStudioVersion = 10.0.40219.1
Project("{FAE04EC0-301F-11D3-BF4B-00C04F79EFBC}") = "TaskManager", "TaskManager\TaskManager.csproj", "{5B8A3204-A9E6-4CEA-9B1F-CDEFF41D5981}"
EndProject
Global
	GlobalSection(SolutionConfigurationPlatforms) = preSolution
		Debug|Any CPU = Debug|Any CPU
		Release|Any CPU = Release|Any CPU
	EndGlobalSection
	GlobalSection(ProjectConfigurationPlatforms) = postSolution
		{5B8A3204-A9E6-4CEA-9B1F-CDEFF41D5981}.Debug|Any CPU.ActiveCfg = Debug|Any CPU
		{5B8A3204-A9E6-4CEA-9B1F-CDEFF41D5981}.Debug|Any CPU.Build.0 = Debug|Any CPU
		{5B8A3204-A9E6-4CEA-9B1F-CDEFF41D5981}.Release|Any CPU.ActiveCfg = Release|Any CPU
		{5B8A3204-A9E6-4CEA-9B1F-CDEFF41D5981}.Release|Any CPU.Build.0 = Release|Any CPU
	EndGlobalSection
	GlobalSection(SolutionProperties) = preSolution
		HideSolutionNode = FALSE
	EndGlobalSection
	GlobalSection(ExtensibilityGlobals) = postSolution
		SolutionGuid = {39B65D04-FD17-4E86-B45B-A63F7506AAEF}
	EndGlobalSection
EndGlobal
